
Microsoft Visual Studio Solution File, Format Version 12.00
# Visual Studio Version 17
VisualStudioVersion = 17.8.34309.116
MinimumVisualStudioVersion = 10.0.40219.1
Project("{2150E333-8FDC-42A3-9474-1A3956D46DE8}") = "Services", "Services", "{E8E83736-1066-411D-AF34-0B7CC8D072A4}"
EndProject
Project("{9A19103F-16F7-4668-BE54-9A1E7A4F7556}") = "Application.Services.AuthAPI", "Application.Services.AuthAPI\Application.Services.AuthAPI.csproj", "{C5F99FB2-431F-4D6C-BC1B-5048833E2A11}"
EndProject
Project("{FAE04EC0-301F-11D3-BF4B-00C04F79EFBC}") = "Application.Services.HMS", "Application.Services.HMS\Application.Services.HMS.csproj", "{7E2DDCC3-7FF9-4812-8FCC-F9B446156B7A}"
EndProject
Project("{FAE04EC0-301F-11D3-BF4B-00C04F79EFBC}") = "Application.APIGateway", "Application.APIGateway\Application.APIGateway.csproj", "{5D0552F4-1482-407F-B5EC-6F49E5E23657}"
EndProject
Global
	GlobalSection(SolutionConfigurationPlatforms) = preSolution
		Debug|Any CPU = Debug|Any CPU
		Release|Any CPU = Release|Any CPU
	EndGlobalSection
	GlobalSection(ProjectConfigurationPlatforms) = postSolution
		{C5F99FB2-431F-4D6C-BC1B-5048833E2A11}.Debug|Any CPU.ActiveCfg = Debug|Any CPU
		{C5F99FB2-431F-4D6C-BC1B-5048833E2A11}.Debug|Any CPU.Build.0 = Debug|Any CPU
		{C5F99FB2-431F-4D6C-BC1B-5048833E2A11}.Release|Any CPU.ActiveCfg = Release|Any CPU
		{C5F99FB2-431F-4D6C-BC1B-5048833E2A11}.Release|Any CPU.Build.0 = Release|Any CPU
		{7E2DDCC3-7FF9-4812-8FCC-F9B446156B7A}.Debug|Any CPU.ActiveCfg = Debug|Any CPU
		{7E2DDCC3-7FF9-4812-8FCC-F9B446156B7A}.Debug|Any CPU.Build.0 = Debug|Any CPU
		{7E2DDCC3-7FF9-4812-8FCC-F9B446156B7A}.Release|Any CPU.ActiveCfg = Release|Any CPU
		{7E2DDCC3-7FF9-4812-8FCC-F9B446156B7A}.Release|Any CPU.Build.0 = Release|Any CPU
		{5D0552F4-1482-407F-B5EC-6F49E5E23657}.Debug|Any CPU.ActiveCfg = Debug|Any CPU
		{5D0552F4-1482-407F-B5EC-6F49E5E23657}.Debug|Any CPU.Build.0 = Debug|Any CPU
		{5D0552F4-1482-407F-B5EC-6F49E5E23657}.Release|Any CPU.ActiveCfg = Release|Any CPU
		{5D0552F4-1482-407F-B5EC-6F49E5E23657}.Release|Any CPU.Build.0 = Release|Any CPU
	EndGlobalSection
	GlobalSection(SolutionProperties) = preSolution
		HideSolutionNode = FALSE
	EndGlobalSection
	GlobalSection(NestedProjects) = preSolution
		{C5F99FB2-431F-4D6C-BC1B-5048833E2A11} = {E8E83736-1066-411D-AF34-0B7CC8D072A4}
	EndGlobalSection
	GlobalSection(ExtensibilityGlobals) = postSolution
		SolutionGuid = {95344508-6951-416E-8D89-801C2AB4C1CC}
	EndGlobalSection
EndGlobal
